
Microsoft Visual Studio Solution File, Format Version 12.00
# Visual Studio Version 17
VisualStudioVersion = 17.3.32804.467
MinimumVisualStudioVersion = 10.0.40219.1
Project("{9A19103F-16F7-4668-BE54-9A1E7A4F7556}") = "DamianGonzalezCSharp", "DamianGonzalezCSharp.csproj", "{9FE8C5A1-FEEA-401F-BAE2-248208ED438C}"
EndProject
Global
	GlobalSection(SolutionConfigurationPlatforms) = preSolution
		Debug|Any CPU = Debug|Any CPU
		Release|Any CPU = Release|Any CPU
	EndGlobalSection
	GlobalSection(ProjectConfigurationPlatforms) = postSolution
		{9FE8C5A1-FEEA-401F-BAE2-248208ED438C}.Debug|Any CPU.ActiveCfg = Debug|Any CPU
		{9FE8C5A1-FEEA-401F-BAE2-248208ED438C}.Debug|Any CPU.Build.0 = Debug|Any CPU
		{9FE8C5A1-FEEA-401F-BAE2-248208ED438C}.Release|Any CPU.ActiveCfg = Release|Any CPU
		{9FE8C5A1-FEEA-401F-BAE2-248208ED438C}.Release|Any CPU.Build.0 = Release|Any CPU
	EndGlobalSection
	GlobalSection(SolutionProperties) = preSolution
		HideSolutionNode = FALSE
	EndGlobalSection
	GlobalSection(ExtensibilityGlobals) = postSolution
		SolutionGuid = {B7A6CD51-600E-483C-9A6F-CCD92D385225}
	EndGlobalSection
EndGlobal
